{
  "lockfile_version": "1",
  "packages": {
    "elmPackages.elm@latest": {
      "last_modified": "2026-06-27T07:37:20Z",
      "resolved": "github:NixOS/nixpkgs/3d46470bb3030020f7e1361f33514854f5bfa86d#elmPackages.elm",
      "source": "devbox-search",
      "version": "0.19.1",
      "systems": {
        "aarch64-darwin": {
          "outputs": [
            {
              "name": "out",
              "path": "/nix/store/5jm3ghwmyjbar8fkm3xr5qlbv7i3kghc-elm-0.19.1",
              "default": true
            },
            {
              "name": "doc",
              "path": "/nix/store/qb7yb5lvj78zz9vh7ngi3hacc1al3spd-elm-0.19.1-doc"
            }
          ],
          "store_path": "/nix/store/5jm3ghwmyjbar8fkm3xr5qlbv7i3kghc-elm-0.19.1"
        },
        "aarch64-linux": {
          "outputs": [
            {
              "name": "out",
              "path": "/nix/store/48sxasvkpk9bbj9qig2v679ac65jpkxh-elm-0.19.1",
              "default": true
            },
            {
              "name": "doc",
              "path": "/nix/store/q4qx2c7903flhf7jibbg8sw9fr4m5735-elm-0.19.1-doc"
            }
          ],
          "store_path": "/nix/store/48sxasvkpk9bbj9qig2v679ac65jpkxh-elm-0.19.1"
        },
        "x86_64-darwin": {
          "outputs": [
            {
              "name": "out",
              "path": "/nix/store/3kbaspxb1df4l95fz6jc85gpyy8paj01-elm-0.19.1",
              "default": true
            },
            {
              "name": "doc",
              "path": "/nix/store/d1440biqqf3dfhw5aggjaxfhxyal0z4p-elm-0.19.1-doc"
            }
          ],
          "store_path": "/nix/store/3kbaspxb1df4l95fz6jc85gpyy8paj01-elm-0.19.1"
        },
        "x86_64-linux": {
          "outputs": [
            {
              "name": "out",
              "path": "/nix/store/gqkbd3mcfyclzaip3j3igblmcyp4prh6-elm-0.19.1",
              "default": true
            },
            {
              "name": "doc",
              "path": "/nix/store/5cr02lhj6xlblsnknssy1jihcydbn1z4-elm-0.19.1-doc"
            }
          ],
          "store_path": "/nix/store/gqkbd3mcfyclzaip3j3igblmcyp4prh6-elm-0.19.1"
        }
      }
    },
    "github:NixOS/nixpkgs/nixpkgs-unstable": {
      "last_modified": "2026-06-13T14:05:44Z",
      "resolved": "github:NixOS/nixpkgs/9f11f828c213641c2369a9f1fa31fe31557e3156?lastModified=1781359544&narHash=sha256-iUuzKQcyXvopYDDzFpMK5eQKP3WIJExYny2kJtbgUcE%3D"
    },
    "nodejs@latest": {
      "last_modified": "2026-06-27T07:37:20Z",
      "plugin_version": "0.0.2",
      "resolved": "github:NixOS/nixpkgs/3d46470bb3030020f7e1361f33514854f5bfa86d#nodejs_26",
      "source": "devbox-search",
      "version": "26.4.0",
      "systems": {
        "aarch64-darwin": {
          "outputs": [
            {
              "name": "out",
              "path": "/nix/store/dz3nxng3029j1gc570pkwj8ahfdl3sa4-nodejs-26.4.0",
              "default": true
            }
          ],
          "store_path": "/nix/store/dz3nxng3029j1gc570pkwj8ahfdl3sa4-nodejs-26.4.0"
        },
        "aarch64-linux": {
          "outputs": [
            {
              "name": "out",
              "path": "/nix/store/4bv9k994r33svxczpy2wk3lhsrh3kspl-nodejs-26.4.0",
              "default": true
            }
          ],
          "store_path": "/nix/store/4bv9k994r33svxczpy2wk3lhsrh3kspl-nodejs-26.4.0"
        },
        "x86_64-darwin": {
          "outputs": [
            {
              "name": "out",
              "path": "/nix/store/wyxj7d54jggi26lnap66c858mb2l2m2q-nodejs-26.4.0",
              "default": true
            }
          ],
          "store_path": "/nix/store/wyxj7d54jggi26lnap66c858mb2l2m2q-nodejs-26.4.0"
        },
        "x86_64-linux": {
          "outputs": [
            {
              "name": "out",
              "path": "/nix/store/i2jf2l5lqhy3d7zy3lzx5wjydyzw2hwm-nodejs-26.4.0",
              "default": true
            }
          ],
          "store_path": "/nix/store/i2jf2l5lqhy3d7zy3lzx5wjydyzw2hwm-nodejs-26.4.0"
        }
      }
    },
    "watchexec@latest": {
      "last_modified": "2026-06-27T07:37:20Z",
      "resolved": "github:NixOS/nixpkgs/3d46470bb3030020f7e1361f33514854f5bfa86d#watchexec",
      "source": "devbox-search",
      "version": "2.5.1",
      "systems": {
        "aarch64-darwin": {
          "outputs": [
            {
              "name": "out",
              "path": "/nix/store/3ymk5cv1rvhsk11snqzsjnslzqy4g0ph-watchexec-2.5.1",
              "default": true
            }
          ],
          "store_path": "/nix/store/3ymk5cv1rvhsk11snqzsjnslzqy4g0ph-watchexec-2.5.1"
        },
        "aarch64-linux": {
          "outputs": [
            {
              "name": "out",
              "path": "/nix/store/ic6rwc215kkaf9a626k0wlqjvj4pgr06-watchexec-2.5.1",
              "default": true
            }
          ],
          "store_path": "/nix/store/ic6rwc215kkaf9a626k0wlqjvj4pgr06-watchexec-2.5.1"
        },
        "x86_64-darwin": {
          "outputs": [
            {
              "name": "out",
              "path": "/nix/store/8jq851bh3389k2y1kc7b7ddxrn3knjq0-watchexec-2.5.1",
              "default": true
            }
          ],
          "store_path": "/nix/store/8jq851bh3389k2y1kc7b7ddxrn3knjq0-watchexec-2.5.1"
        },
        "x86_64-linux": {
          "outputs": [
            {
              "name": "out",
              "path": "/nix/store/4f67kvm4dlllmakjnm4dd42haaklddaw-watchexec-2.5.1",
              "default": true
            }
          ],
          "store_path": "/nix/store/4f67kvm4dlllmakjnm4dd42haaklddaw-watchexec-2.5.1"
        }
      }
    }
  }
}
